{
  "version": 4,
  "terraform_version": "1.8.5",
  "serial": 9,
  "lineage": "18155fb4-b987-06b4-bac5-bce862f5a120",
  "outputs": {},
  "resources": [
    {
      "mode": "managed",
      "type": "aws_eks_cluster",
      "name": "cluster",
      "provider": "provider[\"registry.terraform.io/hashicorp/aws\"]",
      "instances": [
        {
          "schema_version": 1,
          "attributes": {
            "access_config": [
              {
                "authentication_mode": "CONFIG_MAP",
                "bootstrap_cluster_creator_admin_permissions": true
              }
            ],
            "arn": "arn:aws:eks:us-east-1:711616153649:cluster/sistema-academico-eks",
            "bootstrap_self_managed_addons": true,
            "certificate_authority": [
              {
                "data": "LS0tLS1CRUdJTiBDRVJUSUZJQ0FURS0tLS0tCk1JSURCVENDQWUyZ0F3SUJBZ0lJZmFpYUJwaVdJU0V3RFFZSktvWklodmNOQVFFTEJRQXdGVEVUTUJFR0ExVUUKQXhNS2EzVmlaWEp1WlhSbGN6QWVGdzB5TlRBM01UY3dNVE00TVRsYUZ3MHpOVEEzTVRVd01UUXpNVGxhTUJVeApFekFSQmdOVkJBTVRDbXQxWW1WeWJtVjBaWE13Z2dFaU1BMEdDU3FHU0liM0RRRUJBUVVBQTRJQkR3QXdnZ0VLCkFvSUJBUURuYlphQVlISmtWcTZRMGxLWHRZRVJMNDQyVkhSWWxSMzZwTUNVejlQMHY4WnF4M29aL3FTRTVDV2cKSXUwNU0zS2U5NVQ3SjB4cjZTaGxrRUNSTytmbUx1aUJHMm8xK29rR3psaTlhOXBOTklMZmVHQkl1VWFwdy90OQo2QkJETWRnZ0tsNVZxdWNyQ00xM3ZhUExMQWZ6czgrSkdLcGhGeUNldUV2V0tSbm9DSG4yc2p6MWJLYUFjMTVoCmlLNlcrVXc5NW5JZ3hvcHlYUzF2bkNtOTd5N09ENVd5MWdKcllFRFBGbUxpQm9BcnMzRWdwSmdHaTVZZ1docTAKTmJack9DSVVuWmNTUm5iWU1mUlJCVlI0WUt5aW90WFNwSHFqL0FFZ0hhWXcwT05lRUxtTHVNVUNUOFlES3ZIdwp2Y2xmVytWM2pCaWkxSEZ3emp4ODNNUkN4VUEvQWdNQkFBR2pXVEJYTUE0R0ExVWREd0VCL3dRRUF3SUNwREFQCkJnTlZIUk1CQWY4RUJUQURBUUgvTUIwR0ExVWREZ1FXQkJSYzBWR3l5WnZFU0QwWEg2eXlrenpCM3JLZEpqQVYKQmdOVkhSRUVEakFNZ2dwcmRXSmxjbTVsZEdWek1BMEdDU3FHU0liM0RRRUJDd1VBQTRJQkFRQy9CZDlCRGx0Ywp5K1lOY01WcEdLMVdyb2hhK0NDYVBYT05kbWhUdWJMMzhCbGtLckkrV1VMUjc0bVlPNTJkKzVrUDFDUUdRbDRMCmhEaVJKeG96TVovTXJPaVZyQlFWNGRjbTMvVzFiYTlCR3Y2SlZON25taTNWenZRMzg1TXdWQXU0MHhaWmRpVG0KTWJ4ZU0rZHVhSHN3M0FRVzNIZlRFM3dqcGx4ZjhRSXNCdTRBTURFZFNTdEh2Zm5RaXZSTlh0QU5uQWxyZ25PNgp1VXJDSGplNXlJZFliMGdjYXQ2T2dLQ3hrWGtnUnAwMk1HKzB4bDJMcVV5QStNYmgwWUh0bktXbUhSdElQQzVICllrQi9VbjdpRlNzWjYxRTNKazJZZXdMdVZ4NkRDT1liNElsZFR2dGdpekJtYVlqcjZ3UUI1VjR1WEJWUjhpR0MKVlpVVGRoZEt6TDVaCi0tLS0tRU5EIENFUlRJRklDQVRFLS0tLS0K"
              }
            ],
            "cluster_id": null,
            "compute_config": [],
            "created_at": "2025-07-17T01:38:20Z",
            "enabled_cluster_log_types": [],
            "encryption_config": [],
            "endpoint": "https://60FB1938D6E83D9160CC7B164334E851.gr7.us-east-1.eks.amazonaws.com",
            "force_update_version": null,
            "id": "sistema-academico-eks",
            "identity": [
              {
                "oidc": [
                  {
                    "issuer": "https://oidc.eks.us-east-1.amazonaws.com/id/60FB1938D6E83D9160CC7B164334E851"
                  }
                ]
              }
            ],
            "kubernetes_network_config": [
              {
                "elastic_load_balancing": [
                  {
                    "enabled": false
                  }
                ],
                "ip_family": "ipv4",
                "service_ipv4_cidr": "10.100.0.0/16",
                "service_ipv6_cidr": ""
              }
            ],
            "name": "sistema-academico-eks",
            "outpost_config": [],
            "platform_version": "eks.46",
            "remote_network_config": [],
            "role_arn": "arn:aws:iam::711616153649:role/LabRole",
            "status": "ACTIVE",
            "storage_config": [],
            "tags": {},
            "tags_all": {},
            "timeouts": null,
            "upgrade_policy": [
              {
                "support_type": "EXTENDED"
              }
            ],
            "version": "1.28",
            "vpc_config": [
              {
                "cluster_security_group_id": "sg-03162dd89272e6f6d",
                "endpoint_private_access": false,
                "endpoint_public_access": true,
                "public_access_cidrs": [
                  "0.0.0.0/0"
                ],
                "security_group_ids": [],
                "subnet_ids": [
                  "subnet-033f37c1eb864e5bd",
                  "subnet-07e1e6b4dd2893b27",
                  "subnet-0ce441e8c985b81a1",
                  "subnet-0d2011ba5d5db817f",
                  "subnet-0d785769ce64bdce8"
                ],
                "vpc_id": "vpc-093cd8c677879e5a7"
              }
            ],
            "zonal_shift_config": []
          },
          "sensitive_attributes": [],
          "private": "eyJlMmJmYjczMC1lY2FhLTExZTYtOGY4OC0zNDM2M2JjN2M0YzAiOnsiY3JlYXRlIjoxODAwMDAwMDAwMDAwLCJkZWxldGUiOjkwMDAwMDAwMDAwMCwidXBkYXRlIjozNjAwMDAwMDAwMDAwfSwic2NoZW1hX3ZlcnNpb24iOiIxIn0="
        }
      ]
    },
    {
      "mode": "managed",
      "type": "aws_eks_node_group",
      "name": "node_group",
      "provider": "provider[\"registry.terraform.io/hashicorp/aws\"]",
      "instances": [
        {
          "schema_version": 0,
          "attributes": {
            "ami_type": "AL2_x86_64",
            "arn": "arn:aws:eks:us-east-1:711616153649:nodegroup/sistema-academico-eks/default/2ecc0b12-380e-7bb7-c419-e11fb3cc32c8",
            "capacity_type": "ON_DEMAND",
            "cluster_name": "sistema-academico-eks",
            "disk_size": 20,
            "force_update_version": null,
            "id": "sistema-academico-eks:default",
            "instance_types": [
              "t3.medium"
            ],
            "labels": null,
            "launch_template": [],
            "node_group_name": "default",
            "node_group_name_prefix": "",
            "node_repair_config": [],
            "node_role_arn": "arn:aws:iam::711616153649:role/LabRole",
            "release_version": "1.28.15-20250704",
            "remote_access": [],
            "resources": [
              {
                "autoscaling_groups": [
                  {
                    "name": "eks-default-2ecc0b12-380e-7bb7-c419-e11fb3cc32c8"
                  }
                ],
                "remote_access_security_group_id": ""
              }
            ],
            "scaling_config": [
              {
                "desired_size": 2,
                "max_size": 3,
                "min_size": 1
              }
            ],
            "status": "ACTIVE",
            "subnet_ids": [
              "subnet-033f37c1eb864e5bd",
              "subnet-07e1e6b4dd2893b27",
              "subnet-0ce441e8c985b81a1",
              "subnet-0d2011ba5d5db817f",
              "subnet-0d785769ce64bdce8"
            ],
            "tags": null,
            "tags_all": {},
            "taint": [],
            "timeouts": null,
            "update_config": [
              {
                "max_unavailable": 1,
                "max_unavailable_percentage": 0
              }
            ],
            "version": "1.28"
          },
          "sensitive_attributes": [],
          "private": "eyJlMmJmYjczMC1lY2FhLTExZTYtOGY4OC0zNDM2M2JjN2M0YzAiOnsiY3JlYXRlIjozNjAwMDAwMDAwMDAwLCJkZWxldGUiOjM2MDAwMDAwMDAwMDAsInVwZGF0ZSI6MzYwMDAwMDAwMDAwMH19",
          "dependencies": [
            "aws_eks_cluster.cluster"
          ]
        }
      ]
    }
  ],
  "check_results": null
}
