{
  "version": 4,
  "terraform_version": "1.8.5",
  "serial": 12,
  "lineage": "18155fb4-b987-06b4-bac5-bce862f5a120",
  "outputs": {},
  "resources": [
    {
      "mode": "managed",
      "type": "aws_eks_cluster",
      "name": "cluster",
      "provider": "provider[\"registry.terraform.io/hashicorp/aws\"]",
      "instances": [
        {
          "schema_version": 1,
          "attributes": {
            "access_config": [
              {
                "authentication_mode": "CONFIG_MAP",
                "bootstrap_cluster_creator_admin_permissions": true
              }
            ],
            "arn": "arn:aws:eks:us-east-1:711616153649:cluster/sistema-academico-eks",
            "bootstrap_self_managed_addons": true,
            "certificate_authority": [
              {
                "data": "LS0tLS1CRUdJTiBDRVJUSUZJQ0FURS0tLS0tCk1JSURCVENDQWUyZ0F3SUJBZ0lJWmkxRTNKcEhkVmt3RFFZSktvWklodmNOQVFFTEJRQXdGVEVUTUJFR0ExVUUKQXhNS2EzVmlaWEp1WlhSbGN6QWVGdzB5TlRBM01UY3dNak0yTXpSYUZ3MHpOVEEzTVRVd01qUXhNelJhTUJVeApFekFSQmdOVkJBTVRDbXQxWW1WeWJtVjBaWE13Z2dFaU1BMEdDU3FHU0liM0RRRUJBUVVBQTRJQkR3QXdnZ0VLCkFvSUJBUUNmMFVTQ2tONUFZd09RemZFK0F6bjR5akJWbFZocnhjY3IzWVV4bUxQTG0vM3Y1bmduMkwvYVhFSFEKNXVHTFZaOFNrRnYveVRQdXEzYmlLaDdXc2VlRDZRTnd0OXVFeEdiN1U0bVB2bVZDQzF0VlFTcjIyc3ZmODFaZAoxcE5nbEl0OFJQdkRoY2Z6Umt6MVJsT2czUFhCR1RPU3ppRVVyeFk5OUpQQURRVkRpckpha2dyUENGK05YWHNUClo5ZnVJWVRUVlI2dVZ4clpWL2FObGhvY004UXBBSHR1RzI1MDk2TkpUdGFnd2c4WFNBbnl6bVF3VU5vU05WcFoKOXp6Qk53NWdFTDFhbkJ2OTFoamk2T3l3SWRrOXRlSDd0ZmZGMHIzd2p4eDBsKytZYU1XZ29SM25ZVjZoa3ZKcwptTEk0Z2Z6YzR6TEY4eTh4dnFiaDZXWnZEck9sQWdNQkFBR2pXVEJYTUE0R0ExVWREd0VCL3dRRUF3SUNwREFQCkJnTlZIUk1CQWY4RUJUQURBUUgvTUIwR0ExVWREZ1FXQkJTS1ZkUVdYSkJjTjNkUTBveFh5TEF2dmNmYVp6QVYKQmdOVkhSRUVEakFNZ2dwcmRXSmxjbTVsZEdWek1BMEdDU3FHU0liM0RRRUJDd1VBQTRJQkFRQlZDdjJzQ0I4Ugp5RVFjSU5Zb2Q2RGo2MW5pS3JFUkxSdXpJYW9vcVBaMEQvNU84SlVpUVNSSnhyTUZLTE5kZytCanJKZnRxazJPCjY4cGFsOHJRcCtIZFlGMGt3OXg1aW16b0twMjJ3QnhBUE91QkkvR2J5cTYyMEFWNXNKMDBCeXBCOFZ6Uks3RkkKRmtjZjNzUHhNMEdybEl5cmoyU3RJamNZQll6S1ZxM045b00xdmwybXRKVnlQZEFZbEhQM08ydUhGZ0dOZGc5TQpWMFB1Slo1V0ovTmRFdlJIVExYMkVqYStJNW0rVTE4V2x1UmgwRk5QVUw5YkpTcm5rTkJQR01RZjEwY2hEOFdiCkdzaVRnNSswUDlld0trWEkzTVRrNnhGeDJRR3ZQZ0NIVmlEN0NXaEZiOE5mK1NUTCt5MWRkaElkYzMwc2oxMFQKL3h3SlNXR3lOTmo1Ci0tLS0tRU5EIENFUlRJRklDQVRFLS0tLS0K"
              }
            ],
            "cluster_id": null,
            "compute_config": [],
            "created_at": "2025-07-17T02:36:58Z",
            "enabled_cluster_log_types": null,
            "encryption_config": [],
            "endpoint": "https://DAD473FAA870F31506157AD24020EA5E.gr7.us-east-1.eks.amazonaws.com",
            "force_update_version": null,
            "id": "sistema-academico-eks",
            "identity": [
              {
                "oidc": [
                  {
                    "issuer": "https://oidc.eks.us-east-1.amazonaws.com/id/DAD473FAA870F31506157AD24020EA5E"
                  }
                ]
              }
            ],
            "kubernetes_network_config": [
              {
                "elastic_load_balancing": [
                  {
                    "enabled": false
                  }
                ],
                "ip_family": "ipv4",
                "service_ipv4_cidr": "10.100.0.0/16",
                "service_ipv6_cidr": ""
              }
            ],
            "name": "sistema-academico-eks",
            "outpost_config": [],
            "platform_version": "eks.46",
            "remote_network_config": [],
            "role_arn": "arn:aws:iam::711616153649:role/LabRole",
            "status": "ACTIVE",
            "storage_config": [],
            "tags": null,
            "tags_all": {},
            "timeouts": null,
            "upgrade_policy": [
              {
                "support_type": "EXTENDED"
              }
            ],
            "version": "1.28",
            "vpc_config": [
              {
                "cluster_security_group_id": "sg-0b0092166adc59f32",
                "endpoint_private_access": false,
                "endpoint_public_access": true,
                "public_access_cidrs": [
                  "0.0.0.0/0"
                ],
                "security_group_ids": null,
                "subnet_ids": [
                  "subnet-033f37c1eb864e5bd",
                  "subnet-07e1e6b4dd2893b27",
                  "subnet-0ce441e8c985b81a1",
                  "subnet-0d2011ba5d5db817f",
                  "subnet-0d785769ce64bdce8"
                ],
                "vpc_id": "vpc-093cd8c677879e5a7"
              }
            ],
            "zonal_shift_config": []
          },
          "sensitive_attributes": [],
          "private": "eyJlMmJmYjczMC1lY2FhLTExZTYtOGY4OC0zNDM2M2JjN2M0YzAiOnsiY3JlYXRlIjoxODAwMDAwMDAwMDAwLCJkZWxldGUiOjkwMDAwMDAwMDAwMCwidXBkYXRlIjozNjAwMDAwMDAwMDAwfSwic2NoZW1hX3ZlcnNpb24iOiIxIn0="
        }
      ]
    },
    {
      "mode": "managed",
      "type": "aws_eks_node_group",
      "name": "node_group",
      "provider": "provider[\"registry.terraform.io/hashicorp/aws\"]",
      "instances": [
        {
          "schema_version": 0,
          "attributes": {
            "ami_type": "AL2_x86_64",
            "arn": "arn:aws:eks:us-east-1:711616153649:nodegroup/sistema-academico-eks/default/d6cc0b22-29d8-a000-9a68-95512c1ea976",
            "capacity_type": "ON_DEMAND",
            "cluster_name": "sistema-academico-eks",
            "disk_size": 20,
            "force_update_version": null,
            "id": "sistema-academico-eks:default",
            "instance_types": [
              "t3.medium"
            ],
            "labels": null,
            "launch_template": [],
            "node_group_name": "default",
            "node_group_name_prefix": "",
            "node_repair_config": [],
            "node_role_arn": "arn:aws:iam::711616153649:role/LabRole",
            "release_version": "1.28.15-20250704",
            "remote_access": [],
            "resources": [
              {
                "autoscaling_groups": [
                  {
                    "name": "eks-default-d6cc0b22-29d8-a000-9a68-95512c1ea976"
                  }
                ],
                "remote_access_security_group_id": ""
              }
            ],
            "scaling_config": [
              {
                "desired_size": 2,
                "max_size": 3,
                "min_size": 1
              }
            ],
            "status": "ACTIVE",
            "subnet_ids": [
              "subnet-033f37c1eb864e5bd",
              "subnet-07e1e6b4dd2893b27",
              "subnet-0ce441e8c985b81a1",
              "subnet-0d2011ba5d5db817f",
              "subnet-0d785769ce64bdce8"
            ],
            "tags": null,
            "tags_all": {},
            "taint": [],
            "timeouts": null,
            "update_config": [
              {
                "max_unavailable": 1,
                "max_unavailable_percentage": 0
              }
            ],
            "version": "1.28"
          },
          "sensitive_attributes": [],
          "private": "eyJlMmJmYjczMC1lY2FhLTExZTYtOGY4OC0zNDM2M2JjN2M0YzAiOnsiY3JlYXRlIjozNjAwMDAwMDAwMDAwLCJkZWxldGUiOjM2MDAwMDAwMDAwMDAsInVwZGF0ZSI6MzYwMDAwMDAwMDAwMH19",
          "dependencies": [
            "aws_eks_cluster.cluster"
          ]
        }
      ]
    }
  ],
  "check_results": null
}
